
Microsoft Visual Studio Solution File, Format Version 12.00
# Visual Studio Version 17
VisualStudioVersion = 17.0.32014.148
MinimumVisualStudioVersion = 10.0.40219.1
Project("{9A19103F-16F7-4668-BE54-9A1E7A4F7556}") = "GameServer", "GameServer.csproj", "{3FE59450-B620-4C7F-8C40-75A2283749DF}"
EndProject
Global
	GlobalSection(SolutionConfigurationPlatforms) = preSolution
		Debug|Any CPU = Debug|Any CPU
		Release|Any CPU = Release|Any CPU
	EndGlobalSection
	GlobalSection(ProjectConfigurationPlatforms) = postSolution
		{3FE59450-B620-4C7F-8C40-75A2283749DF}.Debug|Any CPU.ActiveCfg = Debug|Any CPU
		{3FE59450-B620-4C7F-8C40-75A2283749DF}.Debug|Any CPU.Build.0 = Debug|Any CPU
		{3FE59450-B620-4C7F-8C40-75A2283749DF}.Release|Any CPU.ActiveCfg = Release|Any CPU
		{3FE59450-B620-4C7F-8C40-75A2283749DF}.Release|Any CPU.Build.0 = Release|Any CPU
	EndGlobalSection
	GlobalSection(SolutionProperties) = preSolution
		HideSolutionNode = FALSE
	EndGlobalSection
	GlobalSection(ExtensibilityGlobals) = postSolution
		SolutionGuid = {60EBF23C-5EEC-4D48-9FC5-C88C99B4E429}
	EndGlobalSection
EndGlobal
